// !$*UTF8*$!
{
	archiveVersion = 1;
	classes = {
	};
	objectVersion = 46;
	objects = {

/* Begin PBXBuildFile section */
		9624A04E19D840DE00466A0E /* main.m in Sources */ = {isa = PBXBuildFile; fileRef = 9624A04D19D840DE00466A0E /* main.m */; };
		9624A05119D840DE00466A0E /* AppDelegate.m in Sources */ = {isa = PBXBuildFile; fileRef = 9624A05019D840DE00466A0E /* AppDelegate.m */; };
		9624A05419D840DE00466A0E /* ViewController.m in Sources */ = {isa = PBXBuildFile; fileRef = 9624A05319D840DE00466A0E /* ViewController.m */; };
		9624A05719D840DE00466A0E /* Main.storyboard in Resources */ = {isa = PBXBuildFile; fileRef = 9624A05519D840DE00466A0E /* Main.storyboard */; };
		9624A05919D840DE00466A0E /* Images.xcassets in Resources */ = {isa = PBXBuildFile; fileRef = 9624A05819D840DE00466A0E /* Images.xcassets */; };
		9624A05C19D840DE00466A0E /* LaunchScreen.xib in Resources */ = {isa = PBXBuildFile; fileRef = 9624A05A19D840DE00466A0E /* LaunchScreen.xib */; };
		9624A06819D840DE00466A0E /* GreatPhraseTests.m in Sources */ = {isa = PBXBuildFile; fileRef = 9624A06719D840DE00466A0E /* GreatPhraseTests.m */; };
		962A11B019D852A000469165 /* PhraseTableViewController.m in Sources */ = {isa = PBXBuildFile; fileRef = 962A11AF19D852A000469165 /* PhraseTableViewController.m */; };
		962A11B319D852BD00469165 /* FavoriteTableViewController.m in Sources */ = {isa = PBXBuildFile; fileRef = 962A11B219D852BD00469165 /* FavoriteTableViewController.m */; };
		96483ADF19ECDB7A00296F60 /* LocalNotificationSettings.m in Sources */ = {isa = PBXBuildFile; fileRef = 96483ADE19ECDB7A00296F60 /* LocalNotificationSettings.m */; };
		96483AE219ECE33600296F60 /* SettingsTableViewController.m in Sources */ = {isa = PBXBuildFile; fileRef = 96483AE119ECE33600296F60 /* SettingsTableViewController.m */; };
		96906B3C19E0766500AA5BE8 /* wiki.png in Resources */ = {isa = PBXBuildFile; fileRef = 96906B1819E0766500AA5BE8 /* wiki.png */; };
		96906B3D19E0766500AA5BE8 /* アイザック・ニュートンsmall.png in Resources */ = {isa = PBXBuildFile; fileRef = 96906B1919E0766500AA5BE8 /* アイザック・ニュートンsmall.png */; };
		96906B3E19E0766500AA5BE8 /* アルベルト・アインシュタインsmall.png in Resources */ = {isa = PBXBuildFile; fileRef = 96906B1A19E0766500AA5BE8 /* アルベルト・アインシュタインsmall.png */; };
		96906B3F19E0766500AA5BE8 /* アンデルセンsmall.png in Resources */ = {isa = PBXBuildFile; fileRef = 96906B1B19E0766500AA5BE8 /* アンデルセンsmall.png */; };
		96906B4019E0766500AA5BE8 /* イチローsmall.png in Resources */ = {isa = PBXBuildFile; fileRef = 96906B1C19E0766500AA5BE8 /* イチローsmall.png */; };
		96906B4119E0766500AA5BE8 /* ウォルト・ディズニーsmall.png in Resources */ = {isa = PBXBuildFile; fileRef = 96906B1D19E0766500AA5BE8 /* ウォルト・ディズニーsmall.png */; };
		96906B4219E0766500AA5BE8 /* エイブラハム・リンカーンsmall.png in Resources */ = {isa = PBXBuildFile; fileRef = 96906B1E19E0766500AA5BE8 /* エイブラハム・リンカーンsmall.png */; };
		96906B4319E0766500AA5BE8 /* オスカー・ワイルドsmall.png in Resources */ = {isa = PBXBuildFile; fileRef = 96906B1F19E0766500AA5BE8 /* オスカー・ワイルドsmall.png */; };
		96906B4419E0766500AA5BE8 /* オノ・ヨーコsmall.png in Resources */ = {isa = PBXBuildFile; fileRef = 96906B2019E0766500AA5BE8 /* オノ・ヨーコsmall.png */; };
		96906B4519E0766500AA5BE8 /* オードリー・ヘップバーンsmall.png in Resources */ = {isa = PBXBuildFile; fileRef = 96906B2119E0766500AA5BE8 /* オードリー・ヘップバーンsmall.png */; };
		96906B4619E0766500AA5BE8 /* ガリレオ・ガリレイsmall.png in Resources */ = {isa = PBXBuildFile; fileRef = 96906B2219E0766500AA5BE8 /* ガリレオ・ガリレイsmall.png */; };
		96906B4719E0766500AA5BE8 /* ゲーテsmall.png in Resources */ = {isa = PBXBuildFile; fileRef = 96906B2319E0766500AA5BE8 /* ゲーテsmall.png */; };
		96906B4819E0766500AA5BE8 /* ジョン・F・ケネディsmall.png in Resources */ = {isa = PBXBuildFile; fileRef = 96906B2419E0766500AA5BE8 /* ジョン・F・ケネディsmall.png */; };
		96906B4919E0766500AA5BE8 /* スティーブ・ジョブズsmall.png in Resources */ = {isa = PBXBuildFile; fileRef = 96906B2519E0766500AA5BE8 /* スティーブ・ジョブズsmall.png */; };
		96906B4A19E0766500AA5BE8 /* スピノザsmall.png in Resources */ = {isa = PBXBuildFile; fileRef = 96906B2619E0766500AA5BE8 /* スピノザsmall.png */; };
		96906B4B19E0766500AA5BE8 /* セオドア・ルーズベルトsmall.png in Resources */ = {isa = PBXBuildFile; fileRef = 96906B2719E0766500AA5BE8 /* セオドア・ルーズベルトsmall.png */; };
		96906B4C19E0766500AA5BE8 /* デール・カーネギーsmall.png in Resources */ = {isa = PBXBuildFile; fileRef = 96906B2819E0766500AA5BE8 /* デール・カーネギーsmall.png */; };
		96906B4D19E0766500AA5BE8 /* トーマス・エジソンsmall.png in Resources */ = {isa = PBXBuildFile; fileRef = 96906B2919E0766500AA5BE8 /* トーマス・エジソンsmall.png */; };
		96906B4E19E0766500AA5BE8 /* ナポレオン・ボナパルトsmall.png in Resources */ = {isa = PBXBuildFile; fileRef = 96906B2A19E0766500AA5BE8 /* ナポレオン・ボナパルトsmall.png */; };
		96906B4F19E0766500AA5BE8 /* ニーチェsmall.png in Resources */ = {isa = PBXBuildFile; fileRef = 96906B2B19E0766500AA5BE8 /* ニーチェsmall.png */; };
		96906B5019E0766500AA5BE8 /* ビル・ゲイツsmall.png in Resources */ = {isa = PBXBuildFile; fileRef = 96906B2C19E0766500AA5BE8 /* ビル・ゲイツsmall.png */; };
		96906B5119E0766500AA5BE8 /* ピタゴラスsmall.png in Resources */ = {isa = PBXBuildFile; fileRef = 96906B2D19E0766500AA5BE8 /* ピタゴラスsmall.png */; };
		96906B5219E0766500AA5BE8 /* ブライアン・アダムスsmall.png in Resources */ = {isa = PBXBuildFile; fileRef = 96906B2E19E0766500AA5BE8 /* ブライアン・アダムスsmall.png */; };
		96906B5319E0766500AA5BE8 /* ベンジャミン・フランクリンsmall.png in Resources */ = {isa = PBXBuildFile; fileRef = 96906B2F19E0766500AA5BE8 /* ベンジャミン・フランクリンsmall.png */; };
		96906B5419E0766500AA5BE8 /* ヘンリー・フォードsmall.png in Resources */ = {isa = PBXBuildFile; fileRef = 96906B3019E0766500AA5BE8 /* ヘンリー・フォードsmall.png */; };
		96906B5519E0766500AA5BE8 /* レオナルド・ダ・ヴィンチsmall.png in Resources */ = {isa = PBXBuildFile; fileRef = 96906B3119E0766500AA5BE8 /* レオナルド・ダ・ヴィンチsmall.png */; };
		96906B5619E0766500AA5BE8 /* 坂本龍馬small.png in Resources */ = {isa = PBXBuildFile; fileRef = 96906B3219E0766500AA5BE8 /* 坂本龍馬small.png */; };
		96906B5719E0766500AA5BE8 /* 夏目漱石small.png in Resources */ = {isa = PBXBuildFile; fileRef = 96906B3319E0766500AA5BE8 /* 夏目漱石small.png */; };
		96906B5819E0766500AA5BE8 /* 孔子small.png in Resources */ = {isa = PBXBuildFile; fileRef = 96906B3419E0766500AA5BE8 /* 孔子small.png */; };
		96906B5919E0766500AA5BE8 /* 徳川家康small.png in Resources */ = {isa = PBXBuildFile; fileRef = 96906B3519E0766500AA5BE8 /* 徳川家康small.png */; };
		96906B5A19E0766500AA5BE8 /* 斎藤茂太small.png in Resources */ = {isa = PBXBuildFile; fileRef = 96906B3619E0766500AA5BE8 /* 斎藤茂太small.png */; };
		96906B5B19E0766500AA5BE8 /* 本田宗一郎small.png in Resources */ = {isa = PBXBuildFile; fileRef = 96906B3719E0766500AA5BE8 /* 本田宗一郎small.png */; };
		96906B5C19E0766500AA5BE8 /* 松下幸之助small.png in Resources */ = {isa = PBXBuildFile; fileRef = 96906B3819E0766500AA5BE8 /* 松下幸之助small.png */; };
		96906B5D19E0766500AA5BE8 /* 湯川秀樹small.png in Resources */ = {isa = PBXBuildFile; fileRef = 96906B3919E0766500AA5BE8 /* 湯川秀樹small.png */; };
		96906B5E19E0766500AA5BE8 /* 織田信長small.png in Resources */ = {isa = PBXBuildFile; fileRef = 96906B3A19E0766500AA5BE8 /* 織田信長small.png */; };
		96906B5F19E0766500AA5BE8 /* 芥川龍之介small.png in Resources */ = {isa = PBXBuildFile; fileRef = 96906B3B19E0766500AA5BE8 /* 芥川龍之介small.png */; };
		96906B8619E0781700AA5BE8 /* アイザック・ニュートン.png in Resources */ = {isa = PBXBuildFile; fileRef = 96906B6219E0781700AA5BE8 /* アイザック・ニュートン.png */; };
		96906B8719E0781700AA5BE8 /* アルベルト・アインシュタイン.png in Resources */ = {isa = PBXBuildFile; fileRef = 96906B6319E0781700AA5BE8 /* アルベルト・アインシュタイン.png */; };
		96906B8819E0781700AA5BE8 /* アンデルセン.png in Resources */ = {isa = PBXBuildFile; fileRef = 96906B6419E0781700AA5BE8 /* アンデルセン.png */; };
		96906B8919E0781700AA5BE8 /* イチロー.png in Resources */ = {isa = PBXBuildFile; fileRef = 96906B6519E0781700AA5BE8 /* イチロー.png */; };
		96906B8A19E0781700AA5BE8 /* ウォルト・ディズニー.png in Resources */ = {isa = PBXBuildFile; fileRef = 96906B6619E0781700AA5BE8 /* ウォルト・ディズニー.png */; };
		96906B8B19E0781700AA5BE8 /* エイブラハム・リンカーン.png in Resources */ = {isa = PBXBuildFile; fileRef = 96906B6719E0781700AA5BE8 /* エイブラハム・リンカーン.png */; };
		96906B8C19E0781700AA5BE8 /* オスカー・ワイルド.png in Resources */ = {isa = PBXBuildFile; fileRef = 96906B6819E0781700AA5BE8 /* オスカー・ワイルド.png */; };
		96906B8D19E0781700AA5BE8 /* オノ・ヨーコ.png in Resources */ = {isa = PBXBuildFile; fileRef = 96906B6919E0781700AA5BE8 /* オノ・ヨーコ.png */; };
		96906B8E19E0781700AA5BE8 /* オードリー・ヘップバーン.png in Resources */ = {isa = PBXBuildFile; fileRef = 96906B6A19E0781700AA5BE8 /* オードリー・ヘップバーン.png */; };
		96906B8F19E0781700AA5BE8 /* ガリレオ・ガリレイ.png in Resources */ = {isa = PBXBuildFile; fileRef = 96906B6B19E0781700AA5BE8 /* ガリレオ・ガリレイ.png */; };
		96906B9019E0781700AA5BE8 /* ゲーテ.png in Resources */ = {isa = PBXBuildFile; fileRef = 96906B6C19E0781700AA5BE8 /* ゲーテ.png */; };
		96906B9119E0781700AA5BE8 /* ジョン・F・ケネディ.png in Resources */ = {isa = PBXBuildFile; fileRef = 96906B6D19E0781700AA5BE8 /* ジョン・F・ケネディ.png */; };
		96906B9219E0781700AA5BE8 /* スティーブ・ジョブズ.png in Resources */ = {isa = PBXBuildFile; fileRef = 96906B6E19E0781700AA5BE8 /* スティーブ・ジョブズ.png */; };
		96906B9319E0781700AA5BE8 /* スピノザ.png in Resources */ = {isa = PBXBuildFile; fileRef = 96906B6F19E0781700AA5BE8 /* スピノザ.png */; };
		96906B9419E0781700AA5BE8 /* セオドア・ルーズベルト.png in Resources */ = {isa = PBXBuildFile; fileRef = 96906B7019E0781700AA5BE8 /* セオドア・ルーズベルト.png */; };
		96906B9519E0781700AA5BE8 /* デール・カーネギー.png in Resources */ = {isa = PBXBuildFile; fileRef = 96906B7119E0781700AA5BE8 /* デール・カーネギー.png */; };
		96906B9619E0781700AA5BE8 /* トーマス・エジソン.png in Resources */ = {isa = PBXBuildFile; fileRef = 96906B7219E0781700AA5BE8 /* トーマス・エジソン.png */; };
		96906B9719E0781700AA5BE8 /* ナポレオン・ボナパルト.png in Resources */ = {isa = PBXBuildFile; fileRef = 96906B7319E0781700AA5BE8 /* ナポレオン・ボナパルト.png */; };
		96906B9819E0781700AA5BE8 /* ニーチェ.png in Resources */ = {isa = PBXBuildFile; fileRef = 96906B7419E0781700AA5BE8 /* ニーチェ.png */; };
		96906B9919E0781700AA5BE8 /* ビル・ゲイツ.png in Resources */ = {isa = PBXBuildFile; fileRef = 96906B7519E0781700AA5BE8 /* ビル・ゲイツ.png */; };
		96906B9A19E0781700AA5BE8 /* ピタゴラス.png in Resources */ = {isa = PBXBuildFile; fileRef = 96906B7619E0781700AA5BE8 /* ピタゴラス.png */; };
		96906B9B19E0781700AA5BE8 /* ブライアン・アダムス.png in Resources */ = {isa = PBXBuildFile; fileRef = 96906B7719E0781700AA5BE8 /* ブライアン・アダムス.png */; };
		96906B9C19E0781700AA5BE8 /* ベンジャミン・フランクリン.png in Resources */ = {isa = PBXBuildFile; fileRef = 96906B7819E0781700AA5BE8 /* ベンジャミン・フランクリン.png */; };
		96906B9D19E0781700AA5BE8 /* ヘンリー・フォード.png in Resources */ = {isa = PBXBuildFile; fileRef = 96906B7919E0781700AA5BE8 /* ヘンリー・フォード.png */; };
		96906B9E19E0781700AA5BE8 /* レオナルド・ダ・ヴィンチ.png in Resources */ = {isa = PBXBuildFile; fileRef = 96906B7A19E0781700AA5BE8 /* レオナルド・ダ・ヴィンチ.png */; };
		96906B9F19E0781700AA5BE8 /* 坂本龍馬.png in Resources */ = {isa = PBXBuildFile; fileRef = 96906B7B19E0781700AA5BE8 /* 坂本龍馬.png */; };
		96906BA019E0781700AA5BE8 /* 夏目漱石.png in Resources */ = {isa = PBXBuildFile; fileRef = 96906B7C19E0781700AA5BE8 /* 夏目漱石.png */; };
		96906BA119E0781700AA5BE8 /* 孔子.png in Resources */ = {isa = PBXBuildFile; fileRef = 96906B7D19E0781700AA5BE8 /* 孔子.png */; };
		96906BA219E0781700AA5BE8 /* 徳川家康.png in Resources */ = {isa = PBXBuildFile; fileRef = 96906B7E19E0781700AA5BE8 /* 徳川家康.png */; };
		96906BA319E0781700AA5BE8 /* 斎藤茂太.png in Resources */ = {isa = PBXBuildFile; fileRef = 96906B7F19E0781700AA5BE8 /* 斎藤茂太.png */; };
		96906BA419E0781700AA5BE8 /* 本田宗一郎.png in Resources */ = {isa = PBXBuildFile; fileRef = 96906B8019E0781700AA5BE8 /* 本田宗一郎.png */; };
		96906BA519E0781700AA5BE8 /* 松下幸之助.png in Resources */ = {isa = PBXBuildFile; fileRef = 96906B8119E0781700AA5BE8 /* 松下幸之助.png */; };
		96906BA619E0781700AA5BE8 /* 湯川秀樹.png in Resources */ = {isa = PBXBuildFile; fileRef = 96906B8219E0781700AA5BE8 /* 湯川秀樹.png */; };
		96906BA719E0781700AA5BE8 /* 織田信長.png in Resources */ = {isa = PBXBuildFile; fileRef = 96906B8319E0781700AA5BE8 /* 織田信長.png */; };
		96906BA819E0781700AA5BE8 /* 芥川龍之介.png in Resources */ = {isa = PBXBuildFile; fileRef = 96906B8419E0781700AA5BE8 /* 芥川龍之介.png */; };
		96BEC02C19E2E89300C387A7 /* PhraseList.json in Resources */ = {isa = PBXBuildFile; fileRef = 96BEC02B19E2E89300C387A7 /* PhraseList.json */; };
		96E12E6F19D9A0BA006921EF /* WikiViewController.m in Sources */ = {isa = PBXBuildFile; fileRef = 96E12E6E19D9A0BA006921EF /* WikiViewController.m */; };
/* End PBXBuildFile section */

/* Begin PBXContainerItemProxy section */
		9624A06219D840DE00466A0E /* PBXContainerItemProxy */ = {
			isa = PBXContainerItemProxy;
			containerPortal = 9624A04019D840DE00466A0E /* Project object */;
			proxyType = 1;
			remoteGlobalIDString = 9624A04719D840DE00466A0E;
			remoteInfo = GreatPhrase;
		};
/* End PBXContainerItemProxy section */

/* Begin PBXFileReference section */
		9624A04819D840DE00466A0E /* GreatPhrase.app */ = {isa = PBXFileReference; explicitFileType = wrapper.application; includeInIndex = 0; path = GreatPhrase.app; sourceTree = BUILT_PRODUCTS_DIR; };
		9624A04C19D840DE00466A0E /* Info.plist */ = {isa = PBXFileReference; lastKnownFileType = text.plist.xml; path = Info.plist; sourceTree = "<group>"; };
		9624A04D19D840DE00466A0E /* main.m */ = {isa = PBXFileReference; lastKnownFileType = sourcecode.c.objc; path = main.m; sourceTree = "<group>"; };
		9624A04F19D840DE00466A0E /* AppDelegate.h */ = {isa = PBXFileReference; lastKnownFileType = sourcecode.c.h; path = AppDelegate.h; sourceTree = "<group>"; };
		9624A05019D840DE00466A0E /* AppDelegate.m */ = {isa = PBXFileReference; lastKnownFileType = sourcecode.c.objc; path = AppDelegate.m; sourceTree = "<group>"; };
		9624A05219D840DE00466A0E /* ViewController.h */ = {isa = PBXFileReference; lastKnownFileType = sourcecode.c.h; path = ViewController.h; sourceTree = "<group>"; };
		9624A05319D840DE00466A0E /* ViewController.m */ = {isa = PBXFileReference; lastKnownFileType = sourcecode.c.objc; path = ViewController.m; sourceTree = "<group>"; };
		9624A05619D840DE00466A0E /* Base */ = {isa = PBXFileReference; lastKnownFileType = file.storyboard; name = Base; path = Base.lproj/Main.storyboard; sourceTree = "<group>"; };
		9624A05819D840DE00466A0E /* Images.xcassets */ = {isa = PBXFileReference; lastKnownFileType = folder.assetcatalog; path = Images.xcassets; sourceTree = "<group>"; };
		9624A05B19D840DE00466A0E /* Base */ = {isa = PBXFileReference; lastKnownFileType = file.xib; name = Base; path = Base.lproj/LaunchScreen.xib; sourceTree = "<group>"; };
		9624A06119D840DE00466A0E /* GreatPhraseTests.xctest */ = {isa = PBXFileReference; explicitFileType = wrapper.cfbundle; includeInIndex = 0; path = GreatPhraseTests.xctest; sourceTree = BUILT_PRODUCTS_DIR; };
		9624A06619D840DE00466A0E /* Info.plist */ = {isa = PBXFileReference; lastKnownFileType = text.plist.xml; path = Info.plist; sourceTree = "<group>"; };
		9624A06719D840DE00466A0E /* GreatPhraseTests.m */ = {isa = PBXFileReference; lastKnownFileType = sourcecode.c.objc; path = GreatPhraseTests.m; sourceTree = "<group>"; };
		962A11AE19D852A000469165 /* PhraseTableViewController.h */ = {isa = PBXFileReference; fileEncoding = 4; lastKnownFileType = sourcecode.c.h; path = PhraseTableViewController.h; sourceTree = "<group>"; };
		962A11AF19D852A000469165 /* PhraseTableViewController.m */ = {isa = PBXFileReference; fileEncoding = 4; lastKnownFileType = sourcecode.c.objc; path = PhraseTableViewController.m; sourceTree = "<group>"; };
		962A11B119D852BD00469165 /* FavoriteTableViewController.h */ = {isa = PBXFileReference; fileEncoding = 4; lastKnownFileType = sourcecode.c.h; path = FavoriteTableViewController.h; sourceTree = "<group>"; };
		962A11B219D852BD00469165 /* FavoriteTableViewController.m */ = {isa = PBXFileReference; fileEncoding = 4; lastKnownFileType = sourcecode.c.objc; path = FavoriteTableViewController.m; sourceTree = "<group>"; };
		96483ADD19ECDB7A00296F60 /* LocalNotificationSettings.h */ = {isa = PBXFileReference; fileEncoding = 4; lastKnownFileType = sourcecode.c.h; path = LocalNotificationSettings.h; sourceTree = "<group>"; };
		96483ADE19ECDB7A00296F60 /* LocalNotificationSettings.m */ = {isa = PBXFileReference; fileEncoding = 4; lastKnownFileType = sourcecode.c.objc; path = LocalNotificationSettings.m; sourceTree = "<group>"; };
		96483AE019ECE33600296F60 /* SettingsTableViewController.h */ = {isa = PBXFileReference; fileEncoding = 4; lastKnownFileType = sourcecode.c.h; path = SettingsTableViewController.h; sourceTree = "<group>"; };
		96483AE119ECE33600296F60 /* SettingsTableViewController.m */ = {isa = PBXFileReference; fileEncoding = 4; lastKnownFileType = sourcecode.c.objc; path = SettingsTableViewController.m; sourceTree = "<group>"; };
		96906B1819E0766500AA5BE8 /* wiki.png */ = {isa = PBXFileReference; lastKnownFileType = image.png; path = wiki.png; sourceTree = "<group>"; };
		96906B1919E0766500AA5BE8 /* アイザック・ニュートンsmall.png */ = {isa = PBXFileReference; lastKnownFileType = image.png; path = "アイザック・ニュートンsmall.png"; sourceTree = "<group>"; };
		96906B1A19E0766500AA5BE8 /* アルベルト・アインシュタインsmall.png */ = {isa = PBXFileReference; lastKnownFileType = image.png; path = "アルベルト・アインシュタインsmall.png"; sourceTree = "<group>"; };
		96906B1B19E0766500AA5BE8 /* アンデルセンsmall.png */ = {isa = PBXFileReference; lastKnownFileType = image.png; path = "アンデルセンsmall.png"; sourceTree = "<group>"; };
		96906B1C19E0766500AA5BE8 /* イチローsmall.png */ = {isa = PBXFileReference; lastKnownFileType = image.png; path = "イチローsmall.png"; sourceTree = "<group>"; };
		96906B1D19E0766500AA5BE8 /* ウォルト・ディズニーsmall.png */ = {isa = PBXFileReference; lastKnownFileType = image.png; path = "ウォルト・ディズニーsmall.png"; sourceTree = "<group>"; };
		96906B1E19E0766500AA5BE8 /* エイブラハム・リンカーンsmall.png */ = {isa = PBXFileReference; lastKnownFileType = image.png; path = "エイブラハム・リンカーンsmall.png"; sourceTree = "<group>"; };
		96906B1F19E0766500AA5BE8 /* オスカー・ワイルドsmall.png */ = {isa = PBXFileReference; lastKnownFileType = image.png; path = "オスカー・ワイルドsmall.png"; sourceTree = "<group>"; };
		96906B2019E0766500AA5BE8 /* オノ・ヨーコsmall.png */ = {isa = PBXFileReference; lastKnownFileType = image.png; path = "オノ・ヨーコsmall.png"; sourceTree = "<group>"; };
		96906B2119E0766500AA5BE8 /* オードリー・ヘップバーンsmall.png */ = {isa = PBXFileReference; lastKnownFileType = image.png; path = "オードリー・ヘップバーンsmall.png"; sourceTree = "<group>"; };
		96906B2219E0766500AA5BE8 /* ガリレオ・ガリレイsmall.png */ = {isa = PBXFileReference; lastKnownFileType = image.png; path = "ガリレオ・ガリレイsmall.png"; sourceTree = "<group>"; };
		96906B2319E0766500AA5BE8 /* ゲーテsmall.png */ = {isa = PBXFileReference; lastKnownFileType = image.png; path = "ゲーテsmall.png"; sourceTree = "<group>"; };
		96906B2419E0766500AA5BE8 /* ジョン・F・ケネディsmall.png */ = {isa = PBXFileReference; lastKnownFileType = image.png; path = "ジョン・F・ケネディsmall.png"; sourceTree = "<group>"; };
		96906B2519E0766500AA5BE8 /* スティーブ・ジョブズsmall.png */ = {isa = PBXFileReference; lastKnownFileType = image.png; path = "スティーブ・ジョブズsmall.png"; sourceTree = "<group>"; };
		96906B2619E0766500AA5BE8 /* スピノザsmall.png */ = {isa = PBXFileReference; lastKnownFileType = image.png; path = "スピノザsmall.png"; sourceTree = "<group>"; };
		96906B2719E0766500AA5BE8 /* セオドア・ルーズベルトsmall.png */ = {isa = PBXFileReference; lastKnownFileType = image.png; path = "セオドア・ルーズベルトsmall.png"; sourceTree = "<group>"; };
		96906B2819E0766500AA5BE8 /* デール・カーネギーsmall.png */ = {isa = PBXFileReference; lastKnownFileType = image.png; path = "デール・カーネギーsmall.png"; sourceTree = "<group>"; };
		96906B2919E0766500AA5BE8 /* トーマス・エジソンsmall.png */ = {isa = PBXFileReference; lastKnownFileType = image.png; path = "トーマス・エジソンsmall.png"; sourceTree = "<group>"; };
		96906B2A19E0766500AA5BE8 /* ナポレオン・ボナパルトsmall.png */ = {isa = PBXFileReference; lastKnownFileType = image.png; path = "ナポレオン・ボナパルトsmall.png"; sourceTree = "<group>"; };
		96906B2B19E0766500AA5BE8 /* ニーチェsmall.png */ = {isa = PBXFileReference; lastKnownFileType = image.png; path = "ニーチェsmall.png"; sourceTree = "<group>"; };
		96906B2C19E0766500AA5BE8 /* ビル・ゲイツsmall.png */ = {isa = PBXFileReference; lastKnownFileType = image.png; path = "ビル・ゲイツsmall.png"; sourceTree = "<group>"; };
		96906B2D19E0766500AA5BE8 /* ピタゴラスsmall.png */ = {isa = PBXFileReference; lastKnownFileType = image.png; path = "ピタゴラスsmall.png"; sourceTree = "<group>"; };
		96906B2E19E0766500AA5BE8 /* ブライアン・アダムスsmall.png */ = {isa = PBXFileReference; lastKnownFileType = image.png; path = "ブライアン・アダムスsmall.png"; sourceTree = "<group>"; };
		96906B2F19E0766500AA5BE8 /* ベンジャミン・フランクリンsmall.png */ = {isa = PBXFileReference; lastKnownFileType = image.png; path = "ベンジャミン・フランクリンsmall.png"; sourceTree = "<group>"; };
		96906B3019E0766500AA5BE8 /* ヘンリー・フォードsmall.png */ = {isa = PBXFileReference; lastKnownFileType = image.png; path = "ヘンリー・フォードsmall.png"; sourceTree = "<group>"; };
		96906B3119E0766500AA5BE8 /* レオナルド・ダ・ヴィンチsmall.png */ = {isa = PBXFileReference; lastKnownFileType = image.png; path = "レオナルド・ダ・ヴィンチsmall.png"; sourceTree = "<group>"; };
		96906B3219E0766500AA5BE8 /* 坂本龍馬small.png */ = {isa = PBXFileReference; lastKnownFileType = image.png; path = "坂本龍馬small.png"; sourceTree = "<group>"; };
		96906B3319E0766500AA5BE8 /* 夏目漱石small.png */ = {isa = PBXFileReference; lastKnownFileType = image.png; path = "夏目漱石small.png"; sourceTree = "<group>"; };
		96906B3419E0766500AA5BE8 /* 孔子small.png */ = {isa = PBXFileReference; lastKnownFileType = image.png; path = "孔子small.png"; sourceTree = "<group>"; };
		96906B3519E0766500AA5BE8 /* 徳川家康small.png */ = {isa = PBXFileReference; lastKnownFileType = image.png; path = "徳川家康small.png"; sourceTree = "<group>"; };
		96906B3619E0766500AA5BE8 /* 斎藤茂太small.png */ = {isa = PBXFileReference; lastKnownFileType = image.png; path = "斎藤茂太small.png"; sourceTree = "<group>"; };
		96906B3719E0766500AA5BE8 /* 本田宗一郎small.png */ = {isa = PBXFileReference; lastKnownFileType = image.png; path = "本田宗一郎small.png"; sourceTree = "<group>"; };
		96906B3819E0766500AA5BE8 /* 松下幸之助small.png */ = {isa = PBXFileReference; lastKnownFileType = image.png; path = "松下幸之助small.png"; sourceTree = "<group>"; };
		96906B3919E0766500AA5BE8 /* 湯川秀樹small.png */ = {isa = PBXFileReference; lastKnownFileType = image.png; path = "湯川秀樹small.png"; sourceTree = "<group>"; };
		96906B3A19E0766500AA5BE8 /* 織田信長small.png */ = {isa = PBXFileReference; lastKnownFileType = image.png; path = "織田信長small.png"; sourceTree = "<group>"; };
		96906B3B19E0766500AA5BE8 /* 芥川龍之介small.png */ = {isa = PBXFileReference; lastKnownFileType = image.png; path = "芥川龍之介small.png"; sourceTree = "<group>"; };
		96906B6219E0781700AA5BE8 /* アイザック・ニュートン.png */ = {isa = PBXFileReference; lastKnownFileType = image.png; name = "アイザック・ニュートン.png"; path = "resource/アイザック・ニュートン.png"; sourceTree = "<group>"; };
		96906B6319E0781700AA5BE8 /* アルベルト・アインシュタイン.png */ = {isa = PBXFileReference; lastKnownFileType = image.png; name = "アルベルト・アインシュタイン.png"; path = "resource/アルベルト・アインシュタイン.png"; sourceTree = "<group>"; };
		96906B6419E0781700AA5BE8 /* アンデルセン.png */ = {isa = PBXFileReference; lastKnownFileType = image.png; name = "アンデルセン.png"; path = "resource/アンデルセン.png"; sourceTree = "<group>"; };
		96906B6519E0781700AA5BE8 /* イチロー.png */ = {isa = PBXFileReference; lastKnownFileType = image.png; name = "イチロー.png"; path = "resource/イチロー.png"; sourceTree = "<group>"; };
		96906B6619E0781700AA5BE8 /* ウォルト・ディズニー.png */ = {isa = PBXFileReference; lastKnownFileType = image.png; name = "ウォルト・ディズニー.png"; path = "resource/ウォルト・ディズニー.png"; sourceTree = "<group>"; };
		96906B6719E0781700AA5BE8 /* エイブラハム・リンカーン.png */ = {isa = PBXFileReference; lastKnownFileType = image.png; name = "エイブラハム・リンカーン.png"; path = "resource/エイブラハム・リンカーン.png"; sourceTree = "<group>"; };
		96906B6819E0781700AA5BE8 /* オスカー・ワイルド.png */ = {isa = PBXFileReference; lastKnownFileType = image.png; name = "オスカー・ワイルド.png"; path = "resource/オスカー・ワイルド.png"; sourceTree = "<group>"; };
		96906B6919E0781700AA5BE8 /* オノ・ヨーコ.png */ = {isa = PBXFileReference; lastKnownFileType = image.png; name = "オノ・ヨーコ.png"; path = "resource/オノ・ヨーコ.png"; sourceTree = "<group>"; };
		96906B6A19E0781700AA5BE8 /* オードリー・ヘップバーン.png */ = {isa = PBXFileReference; lastKnownFileType = image.png; name = "オードリー・ヘップバーン.png"; path = "resource/オードリー・ヘップバーン.png"; sourceTree = "<group>"; };
		96906B6B19E0781700AA5BE8 /* ガリレオ・ガリレイ.png */ = {isa = PBXFileReference; lastKnownFileType = image.png; name = "ガリレオ・ガリレイ.png"; path = "resource/ガリレオ・ガリレイ.png"; sourceTree = "<group>"; };
		96906B6C19E0781700AA5BE8 /* ゲーテ.png */ = {isa = PBXFileReference; lastKnownFileType = image.png; name = "ゲーテ.png"; path = "resource/ゲーテ.png"; sourceTree = "<group>"; };
		96906B6D19E0781700AA5BE8 /* ジョン・F・ケネディ.png */ = {isa = PBXFileReference; lastKnownFileType = image.png; name = "ジョン・F・ケネディ.png"; path = "resource/ジョン・F・ケネディ.png"; sourceTree = "<group>"; };
		96906B6E19E0781700AA5BE8 /* スティーブ・ジョブズ.png */ = {isa = PBXFileReference; lastKnownFileType = image.png; name = "スティーブ・ジョブズ.png"; path = "resource/スティーブ・ジョブズ.png"; sourceTree = "<group>"; };
		96906B6F19E0781700AA5BE8 /* スピノザ.png */ = {isa = PBXFileReference; lastKnownFileType = image.png; name = "スピノザ.png"; path = "resource/スピノザ.png"; sourceTree = "<group>"; };
		96906B7019E0781700AA5BE8 /* セオドア・ルーズベルト.png */ = {isa = PBXFileReference; lastKnownFileType = image.png; name = "セオドア・ルーズベルト.png"; path = "resource/セオドア・ルーズベルト.png"; sourceTree = "<group>"; };
		96906B7119E0781700AA5BE8 /* デール・カーネギー.png */ = {isa = PBXFileReference; lastKnownFileType = image.png; name = "デール・カーネギー.png"; path = "resource/デール・カーネギー.png"; sourceTree = "<group>"; };
		96906B7219E0781700AA5BE8 /* トーマス・エジソン.png */ = {isa = PBXFileReference; lastKnownFileType = image.png; name = "トーマス・エジソン.png"; path = "resource/トーマス・エジソン.png"; sourceTree = "<group>"; };
		96906B7319E0781700AA5BE8 /* ナポレオン・ボナパルト.png */ = {isa = PBXFileReference; lastKnownFileType = image.png; name = "ナポレオン・ボナパルト.png"; path = "resource/ナポレオン・ボナパルト.png"; sourceTree = "<group>"; };
		96906B7419E0781700AA5BE8 /* ニーチェ.png */ = {isa = PBXFileReference; lastKnownFileType = image.png; name = "ニーチェ.png"; path = "resource/ニーチェ.png"; sourceTree = "<group>"; };
		96906B7519E0781700AA5BE8 /* ビル・ゲイツ.png */ = {isa = PBXFileReference; lastKnownFileType = image.png; name = "ビル・ゲイツ.png"; path = "resource/ビル・ゲイツ.png"; sourceTree = "<group>"; };
		96906B7619E0781700AA5BE8 /* ピタゴラス.png */ = {isa = PBXFileReference; lastKnownFileType = image.png; name = "ピタゴラス.png"; path = "resource/ピタゴラス.png"; sourceTree = "<group>"; };
		96906B7719E0781700AA5BE8 /* ブライアン・アダムス.png */ = {isa = PBXFileReference; lastKnownFileType = image.png; name = "ブライアン・アダムス.png"; path = "resource/ブライアン・アダムス.png"; sourceTree = "<group>"; };
		96906B7819E0781700AA5BE8 /* ベンジャミン・フランクリン.png */ = {isa = PBXFileReference; lastKnownFileType = image.png; name = "ベンジャミン・フランクリン.png"; path = "resource/ベンジャミン・フランクリン.png"; sourceTree = "<group>"; };
		96906B7919E0781700AA5BE8 /* ヘンリー・フォード.png */ = {isa = PBXFileReference; lastKnownFileType = image.png; name = "ヘンリー・フォード.png"; path = "resource/ヘンリー・フォード.png"; sourceTree = "<group>"; };
		96906B7A19E0781700AA5BE8 /* レオナルド・ダ・ヴィンチ.png */ = {isa = PBXFileReference; lastKnownFileType = image.png; name = "レオナルド・ダ・ヴィンチ.png"; path = "resource/レオナルド・ダ・ヴィンチ.png"; sourceTree = "<group>"; };
		96906B7B19E0781700AA5BE8 /* 坂本龍馬.png */ = {isa = PBXFileReference; lastKnownFileType = image.png; name = "坂本龍馬.png"; path = "resource/坂本龍馬.png"; sourceTree = "<group>"; };
		96906B7C19E0781700AA5BE8 /* 夏目漱石.png */ = {isa = PBXFileReference; lastKnownFileType = image.png; name = "夏目漱石.png"; path = "resource/夏目漱石.png"; sourceTree = "<group>"; };
		96906B7D19E0781700AA5BE8 /* 孔子.png */ = {isa = PBXFileReference; lastKnownFileType = image.png; name = "孔子.png"; path = "resource/孔子.png"; sourceTree = "<group>"; };
		96906B7E19E0781700AA5BE8 /* 徳川家康.png */ = {isa = PBXFileReference; lastKnownFileType = image.png; name = "徳川家康.png"; path = "resource/徳川家康.png"; sourceTree = "<group>"; };
		96906B7F19E0781700AA5BE8 /* 斎藤茂太.png */ = {isa = PBXFileReference; lastKnownFileType = image.png; name = "斎藤茂太.png"; path = "resource/斎藤茂太.png"; sourceTree = "<group>"; };
		96906B8019E0781700AA5BE8 /* 本田宗一郎.png */ = {isa = PBXFileReference; lastKnownFileType = image.png; name = "本田宗一郎.png"; path = "resource/本田宗一郎.png"; sourceTree = "<group>"; };
		96906B8119E0781700AA5BE8 /* 松下幸之助.png */ = {isa = PBXFileReference; lastKnownFileType = image.png; name = "松下幸之助.png"; path = "resource/松下幸之助.png"; sourceTree = "<group>"; };
		96906B8219E0781700AA5BE8 /* 湯川秀樹.png */ = {isa = PBXFileReference; lastKnownFileType = image.png; name = "湯川秀樹.png"; path = "resource/湯川秀樹.png"; sourceTree = "<group>"; };
		96906B8319E0781700AA5BE8 /* 織田信長.png */ = {isa = PBXFileReference; lastKnownFileType = image.png; name = "織田信長.png"; path = "resource/織田信長.png"; sourceTree = "<group>"; };
		96906B8419E0781700AA5BE8 /* 芥川龍之介.png */ = {isa = PBXFileReference; lastKnownFileType = image.png; name = "芥川龍之介.png"; path = "resource/芥川龍之介.png"; sourceTree = "<group>"; };
		96BEC02B19E2E89300C387A7 /* PhraseList.json */ = {isa = PBXFileReference; fileEncoding = 4; lastKnownFileType = text.json; path = PhraseList.json; sourceTree = "<group>"; };
		96E12E6D19D9A0BA006921EF /* WikiViewController.h */ = {isa = PBXFileReference; fileEncoding = 4; lastKnownFileType = sourcecode.c.h; path = WikiViewController.h; sourceTree = "<group>"; };
		96E12E6E19D9A0BA006921EF /* WikiViewController.m */ = {isa = PBXFileReference; fileEncoding = 4; lastKnownFileType = sourcecode.c.objc; path = WikiViewController.m; sourceTree = "<group>"; };
/* End PBXFileReference section */

/* Begin PBXFrameworksBuildPhase section */
		9624A04519D840DE00466A0E /* Frameworks */ = {
			isa = PBXFrameworksBuildPhase;
			buildActionMask = 2147483647;
			files = (
			);
			runOnlyForDeploymentPostprocessing = 0;
		};
		9624A05E19D840DE00466A0E /* Frameworks */ = {
			isa = PBXFrameworksBuildPhase;
			buildActionMask = 2147483647;
			files = (
			);
			runOnlyForDeploymentPostprocessing = 0;
		};
/* End PBXFrameworksBuildPhase section */

/* Begin PBXGroup section */
		9624A03F19D840DE00466A0E = {
			isa = PBXGroup;
			children = (
				9624A04A19D840DE00466A0E /* GreatPhrase */,
				9624A06419D840DE00466A0E /* GreatPhraseTests */,
				9624A04919D840DE00466A0E /* Products */,
			);
			sourceTree = "<group>";
		};
		9624A04919D840DE00466A0E /* Products */ = {
			isa = PBXGroup;
			children = (
				9624A04819D840DE00466A0E /* GreatPhrase.app */,
				9624A06119D840DE00466A0E /* GreatPhraseTests.xctest */,
			);
			name = Products;
			sourceTree = "<group>";
		};
		9624A04A19D840DE00466A0E /* GreatPhrase */ = {
			isa = PBXGroup;
			children = (
				96906B1719E0766500AA5BE8 /* resource */,
				9624A04F19D840DE00466A0E /* AppDelegate.h */,
				9624A05019D840DE00466A0E /* AppDelegate.m */,
				9624A05219D840DE00466A0E /* ViewController.h */,
				9624A05319D840DE00466A0E /* ViewController.m */,
				962A11AE19D852A000469165 /* PhraseTableViewController.h */,
				962A11AF19D852A000469165 /* PhraseTableViewController.m */,
				962A11B119D852BD00469165 /* FavoriteTableViewController.h */,
				962A11B219D852BD00469165 /* FavoriteTableViewController.m */,
				96483AE019ECE33600296F60 /* SettingsTableViewController.h */,
				96483AE119ECE33600296F60 /* SettingsTableViewController.m */,
				96E12E6D19D9A0BA006921EF /* WikiViewController.h */,
				96E12E6E19D9A0BA006921EF /* WikiViewController.m */,
				96483ADD19ECDB7A00296F60 /* LocalNotificationSettings.h */,
				96483ADE19ECDB7A00296F60 /* LocalNotificationSettings.m */,
				96BEC02B19E2E89300C387A7 /* PhraseList.json */,
				9624A05519D840DE00466A0E /* Main.storyboard */,
				9624A05A19D840DE00466A0E /* LaunchScreen.xib */,
				9624A05819D840DE00466A0E /* Images.xcassets */,
				9624A04B19D840DE00466A0E /* Supporting Files */,
			);
			path = GreatPhrase;
			sourceTree = "<group>";
		};
		9624A04B19D840DE00466A0E /* Supporting Files */ = {
			isa = PBXGroup;
			children = (
				9624A04C19D840DE00466A0E /* Info.plist */,
				9624A04D19D840DE00466A0E /* main.m */,
			);
			name = "Supporting Files";
			sourceTree = "<group>";
		};
		9624A06419D840DE00466A0E /* GreatPhraseTests */ = {
			isa = PBXGroup;
			children = (
				9624A06719D840DE00466A0E /* GreatPhraseTests.m */,
				9624A06519D840DE00466A0E /* Supporting Files */,
			);
			path = GreatPhraseTests;
			sourceTree = "<group>";
		};
		9624A06519D840DE00466A0E /* Supporting Files */ = {
			isa = PBXGroup;
			children = (
				9624A06619D840DE00466A0E /* Info.plist */,
			);
			name = "Supporting Files";
			sourceTree = "<group>";
		};
		96906B1719E0766500AA5BE8 /* resource */ = {
			isa = PBXGroup;
			children = (
				96906B1819E0766500AA5BE8 /* wiki.png */,
				96906B6219E0781700AA5BE8 /* アイザック・ニュートン.png */,
				96906B6319E0781700AA5BE8 /* アルベルト・アインシュタイン.png */,
				96906B6419E0781700AA5BE8 /* アンデルセン.png */,
				96906B6519E0781700AA5BE8 /* イチロー.png */,
				96906B6619E0781700AA5BE8 /* ウォルト・ディズニー.png */,
				96906B6719E0781700AA5BE8 /* エイブラハム・リンカーン.png */,
				96906B6819E0781700AA5BE8 /* オスカー・ワイルド.png */,
				96906B6919E0781700AA5BE8 /* オノ・ヨーコ.png */,
				96906B6A19E0781700AA5BE8 /* オードリー・ヘップバーン.png */,
				96906B6B19E0781700AA5BE8 /* ガリレオ・ガリレイ.png */,
				96906B6C19E0781700AA5BE8 /* ゲーテ.png */,
				96906B6D19E0781700AA5BE8 /* ジョン・F・ケネディ.png */,
				96906B6E19E0781700AA5BE8 /* スティーブ・ジョブズ.png */,
				96906B6F19E0781700AA5BE8 /* スピノザ.png */,
				96906B7019E0781700AA5BE8 /* セオドア・ルーズベルト.png */,
				96906B7119E0781700AA5BE8 /* デール・カーネギー.png */,
				96906B7219E0781700AA5BE8 /* トーマス・エジソン.png */,
				96906B7319E0781700AA5BE8 /* ナポレオン・ボナパルト.png */,
				96906B7419E0781700AA5BE8 /* ニーチェ.png */,
				96906B7519E0781700AA5BE8 /* ビル・ゲイツ.png */,
				96906B7619E0781700AA5BE8 /* ピタゴラス.png */,
				96906B7719E0781700AA5BE8 /* ブライアン・アダムス.png */,
				96906B7819E0781700AA5BE8 /* ベンジャミン・フランクリン.png */,
				96906B7919E0781700AA5BE8 /* ヘンリー・フォード.png */,
				96906B7A19E0781700AA5BE8 /* レオナルド・ダ・ヴィンチ.png */,
				96906B7B19E0781700AA5BE8 /* 坂本龍馬.png */,
				96906B7C19E0781700AA5BE8 /* 夏目漱石.png */,
				96906B7D19E0781700AA5BE8 /* 孔子.png */,
				96906B7E19E0781700AA5BE8 /* 徳川家康.png */,
				96906B7F19E0781700AA5BE8 /* 斎藤茂太.png */,
				96906B8019E0781700AA5BE8 /* 本田宗一郎.png */,
				96906B8119E0781700AA5BE8 /* 松下幸之助.png */,
				96906B8219E0781700AA5BE8 /* 湯川秀樹.png */,
				96906B8319E0781700AA5BE8 /* 織田信長.png */,
				96906B8419E0781700AA5BE8 /* 芥川龍之介.png */,
				96906B1919E0766500AA5BE8 /* アイザック・ニュートンsmall.png */,
				96906B1A19E0766500AA5BE8 /* アルベルト・アインシュタインsmall.png */,
				96906B1B19E0766500AA5BE8 /* アンデルセンsmall.png */,
				96906B1C19E0766500AA5BE8 /* イチローsmall.png */,
				96906B1D19E0766500AA5BE8 /* ウォルト・ディズニーsmall.png */,
				96906B1E19E0766500AA5BE8 /* エイブラハム・リンカーンsmall.png */,
				96906B1F19E0766500AA5BE8 /* オスカー・ワイルドsmall.png */,
				96906B2019E0766500AA5BE8 /* オノ・ヨーコsmall.png */,
				96906B2119E0766500AA5BE8 /* オードリー・ヘップバーンsmall.png */,
				96906B2219E0766500AA5BE8 /* ガリレオ・ガリレイsmall.png */,
				96906B2319E0766500AA5BE8 /* ゲーテsmall.png */,
				96906B2419E0766500AA5BE8 /* ジョン・F・ケネディsmall.png */,
				96906B2519E0766500AA5BE8 /* スティーブ・ジョブズsmall.png */,
				96906B2619E0766500AA5BE8 /* スピノザsmall.png */,
				96906B2719E0766500AA5BE8 /* セオドア・ルーズベルトsmall.png */,
				96906B2819E0766500AA5BE8 /* デール・カーネギーsmall.png */,
				96906B2919E0766500AA5BE8 /* トーマス・エジソンsmall.png */,
				96906B2A19E0766500AA5BE8 /* ナポレオン・ボナパルトsmall.png */,
				96906B2B19E0766500AA5BE8 /* ニーチェsmall.png */,
				96906B2C19E0766500AA5BE8 /* ビル・ゲイツsmall.png */,
				96906B2D19E0766500AA5BE8 /* ピタゴラスsmall.png */,
				96906B2E19E0766500AA5BE8 /* ブライアン・アダムスsmall.png */,
				96906B2F19E0766500AA5BE8 /* ベンジャミン・フランクリンsmall.png */,
				96906B3019E0766500AA5BE8 /* ヘンリー・フォードsmall.png */,
				96906B3119E0766500AA5BE8 /* レオナルド・ダ・ヴィンチsmall.png */,
				96906B3219E0766500AA5BE8 /* 坂本龍馬small.png */,
				96906B3319E0766500AA5BE8 /* 夏目漱石small.png */,
				96906B3419E0766500AA5BE8 /* 孔子small.png */,
				96906B3519E0766500AA5BE8 /* 徳川家康small.png */,
				96906B3619E0766500AA5BE8 /* 斎藤茂太small.png */,
				96906B3719E0766500AA5BE8 /* 本田宗一郎small.png */,
				96906B3819E0766500AA5BE8 /* 松下幸之助small.png */,
				96906B3919E0766500AA5BE8 /* 湯川秀樹small.png */,
				96906B3A19E0766500AA5BE8 /* 織田信長small.png */,
				96906B3B19E0766500AA5BE8 /* 芥川龍之介small.png */,
			);
			path = resource;
			sourceTree = "<group>";
		};
/* End PBXGroup section */

/* Begin PBXNativeTarget section */
		9624A04719D840DE00466A0E /* GreatPhrase */ = {
			isa = PBXNativeTarget;
			buildConfigurationList = 9624A06B19D840DE00466A0E /* Build configuration list for PBXNativeTarget "GreatPhrase" */;
			buildPhases = (
				9624A04419D840DE00466A0E /* Sources */,
				9624A04519D840DE00466A0E /* Frameworks */,
				9624A04619D840DE00466A0E /* Resources */,
			);
			buildRules = (
			);
			dependencies = (
			);
			name = GreatPhrase;
			productName = GreatPhrase;
			productReference = 9624A04819D840DE00466A0E /* GreatPhrase.app */;
			productType = "com.apple.product-type.application";
		};
		9624A06019D840DE00466A0E /* GreatPhraseTests */ = {
			isa = PBXNativeTarget;
			buildConfigurationList = 9624A06E19D840DE00466A0E /* Build configuration list for PBXNativeTarget "GreatPhraseTests" */;
			buildPhases = (
				9624A05D19D840DE00466A0E /* Sources */,
				9624A05E19D840DE00466A0E /* Frameworks */,
				9624A05F19D840DE00466A0E /* Resources */,
			);
			buildRules = (
			);
			dependencies = (
				9624A06319D840DE00466A0E /* PBXTargetDependency */,
			);
			name = GreatPhraseTests;
			productName = GreatPhraseTests;
			productReference = 9624A06119D840DE00466A0E /* GreatPhraseTests.xctest */;
			productType = "com.apple.product-type.bundle.unit-test";
		};
/* End PBXNativeTarget section */

/* Begin PBXProject section */
		9624A04019D840DE00466A0E /* Project object */ = {
			isa = PBXProject;
			attributes = {
				LastUpgradeCheck = 0600;
				ORGANIZATIONNAME = TechLogics;
				TargetAttributes = {
					9624A04719D840DE00466A0E = {
						CreatedOnToolsVersion = 6.0.1;
					};
					9624A06019D840DE00466A0E = {
						CreatedOnToolsVersion = 6.0.1;
						TestTargetID = 9624A04719D840DE00466A0E;
					};
				};
			};
			buildConfigurationList = 9624A04319D840DE00466A0E /* Build configuration list for PBXProject "GreatPhrase" */;
			compatibilityVersion = "Xcode 3.2";
			developmentRegion = English;
			hasScannedForEncodings = 0;
			knownRegions = (
				en,
				Base,
			);
			mainGroup = 9624A03F19D840DE00466A0E;
			productRefGroup = 9624A04919D840DE00466A0E /* Products */;
			projectDirPath = "";
			projectRoot = "";
			targets = (
				9624A04719D840DE00466A0E /* GreatPhrase */,
				9624A06019D840DE00466A0E /* GreatPhraseTests */,
			);
		};
/* End PBXProject section */

/* Begin PBXResourcesBuildPhase section */
		9624A04619D840DE00466A0E /* Resources */ = {
			isa = PBXResourcesBuildPhase;
			buildActionMask = 2147483647;
			files = (
				96906B9A19E0781700AA5BE8 /* ピタゴラス.png in Resources */,
				96906B9719E0781700AA5BE8 /* ナポレオン・ボナパルト.png in Resources */,
				96906B3D19E0766500AA5BE8 /* アイザック・ニュートンsmall.png in Resources */,
				96906B9619E0781700AA5BE8 /* トーマス・エジソン.png in Resources */,
				96906B5219E0766500AA5BE8 /* ブライアン・アダムスsmall.png in Resources */,
				96906BA719E0781700AA5BE8 /* 織田信長.png in Resources */,
				96906B4119E0766500AA5BE8 /* ウォルト・ディズニーsmall.png in Resources */,
				96BEC02C19E2E89300C387A7 /* PhraseList.json in Resources */,
				96906B9219E0781700AA5BE8 /* スティーブ・ジョブズ.png in Resources */,
				96906B4019E0766500AA5BE8 /* イチローsmall.png in Resources */,
				96906B9D19E0781700AA5BE8 /* ヘンリー・フォード.png in Resources */,
				96906BA519E0781700AA5BE8 /* 松下幸之助.png in Resources */,
				96906B8619E0781700AA5BE8 /* アイザック・ニュートン.png in Resources */,
				96906B9119E0781700AA5BE8 /* ジョン・F・ケネディ.png in Resources */,
				9624A05719D840DE00466A0E /* Main.storyboard in Resources */,
				96906B4D19E0766500AA5BE8 /* トーマス・エジソンsmall.png in Resources */,
				96906B8D19E0781700AA5BE8 /* オノ・ヨーコ.png in Resources */,
				96906B4519E0766500AA5BE8 /* オードリー・ヘップバーンsmall.png in Resources */,
				96906B8E19E0781700AA5BE8 /* オードリー・ヘップバーン.png in Resources */,
				96906B8819E0781700AA5BE8 /* アンデルセン.png in Resources */,
				9624A05C19D840DE00466A0E /* LaunchScreen.xib in Resources */,
				96906B5719E0766500AA5BE8 /* 夏目漱石small.png in Resources */,
				96906B5C19E0766500AA5BE8 /* 松下幸之助small.png in Resources */,
				96906BA819E0781700AA5BE8 /* 芥川龍之介.png in Resources */,
				96906B3F19E0766500AA5BE8 /* アンデルセンsmall.png in Resources */,
				96906B9519E0781700AA5BE8 /* デール・カーネギー.png in Resources */,
				96906B4F19E0766500AA5BE8 /* ニーチェsmall.png in Resources */,
				96906BA319E0781700AA5BE8 /* 斎藤茂太.png in Resources */,
				96906B5619E0766500AA5BE8 /* 坂本龍馬small.png in Resources */,
				96906B4619E0766500AA5BE8 /* ガリレオ・ガリレイsmall.png in Resources */,
				96906B5019E0766500AA5BE8 /* ビル・ゲイツsmall.png in Resources */,
				96906B5419E0766500AA5BE8 /* ヘンリー・フォードsmall.png in Resources */,
				96906B9819E0781700AA5BE8 /* ニーチェ.png in Resources */,
				96906B5B19E0766500AA5BE8 /* 本田宗一郎small.png in Resources */,
				96906B8A19E0781700AA5BE8 /* ウォルト・ディズニー.png in Resources */,
				96906BA419E0781700AA5BE8 /* 本田宗一郎.png in Resources */,
				96906B5A19E0766500AA5BE8 /* 斎藤茂太small.png in Resources */,
				96906B4319E0766500AA5BE8 /* オスカー・ワイルドsmall.png in Resources */,
				96906B4819E0766500AA5BE8 /* ジョン・F・ケネディsmall.png in Resources */,
				96906B5319E0766500AA5BE8 /* ベンジャミン・フランクリンsmall.png in Resources */,
				96906B9319E0781700AA5BE8 /* スピノザ.png in Resources */,
				96906B8C19E0781700AA5BE8 /* オスカー・ワイルド.png in Resources */,
				96906B8F19E0781700AA5BE8 /* ガリレオ・ガリレイ.png in Resources */,
				96906B4A19E0766500AA5BE8 /* スピノザsmall.png in Resources */,
				96906BA219E0781700AA5BE8 /* 徳川家康.png in Resources */,
				96906B4B19E0766500AA5BE8 /* セオドア・ルーズベルトsmall.png in Resources */,
				96906B4419E0766500AA5BE8 /* オノ・ヨーコsmall.png in Resources */,
				96906B3E19E0766500AA5BE8 /* アルベルト・アインシュタインsmall.png in Resources */,
				96906BA619E0781700AA5BE8 /* 湯川秀樹.png in Resources */,
				96906B4719E0766500AA5BE8 /* ゲーテsmall.png in Resources */,
				96906B8719E0781700AA5BE8 /* アルベルト・アインシュタイン.png in Resources */,
				96906BA019E0781700AA5BE8 /* 夏目漱石.png in Resources */,
				9624A05919D840DE00466A0E /* Images.xcassets in Resources */,
				96906B4219E0766500AA5BE8 /* エイブラハム・リンカーンsmall.png in Resources */,
				96906B4C19E0766500AA5BE8 /* デール・カーネギーsmall.png in Resources */,
				96906B5919E0766500AA5BE8 /* 徳川家康small.png in Resources */,
				96906B8919E0781700AA5BE8 /* イチロー.png in Resources */,
				96906B9919E0781700AA5BE8 /* ビル・ゲイツ.png in Resources */,
				96906B5D19E0766500AA5BE8 /* 湯川秀樹small.png in Resources */,
				96906B9419E0781700AA5BE8 /* セオドア・ルーズベルト.png in Resources */,
				96906B9019E0781700AA5BE8 /* ゲーテ.png in Resources */,
				96906B9E19E0781700AA5BE8 /* レオナルド・ダ・ヴィンチ.png in Resources */,
				96906B4919E0766500AA5BE8 /* スティーブ・ジョブズsmall.png in Resources */,
				96906B8B19E0781700AA5BE8 /* エイブラハム・リンカーン.png in Resources */,
				96906BA119E0781700AA5BE8 /* 孔子.png in Resources */,
				96906B4E19E0766500AA5BE8 /* ナポレオン・ボナパルトsmall.png in Resources */,
				96906B5119E0766500AA5BE8 /* ピタゴラスsmall.png in Resources */,
				96906B5F19E0766500AA5BE8 /* 芥川龍之介small.png in Resources */,
				96906B5819E0766500AA5BE8 /* 孔子small.png in Resources */,
				96906B5519E0766500AA5BE8 /* レオナルド・ダ・ヴィンチsmall.png in Resources */,
				96906B9C19E0781700AA5BE8 /* ベンジャミン・フランクリン.png in Resources */,
				96906B3C19E0766500AA5BE8 /* wiki.png in Resources */,
				96906B5E19E0766500AA5BE8 /* 織田信長small.png in Resources */,
				96906B9F19E0781700AA5BE8 /* 坂本龍馬.png in Resources */,
				96906B9B19E0781700AA5BE8 /* ブライアン・アダムス.png in Resources */,
			);
			runOnlyForDeploymentPostprocessing = 0;
		};
		9624A05F19D840DE00466A0E /* Resources */ = {
			isa = PBXResourcesBuildPhase;
			buildActionMask = 2147483647;
			files = (
			);
			runOnlyForDeploymentPostprocessing = 0;
		};
/* End PBXResourcesBuildPhase section */

/* Begin PBXSourcesBuildPhase section */
		9624A04419D840DE00466A0E /* Sources */ = {
			isa = PBXSourcesBuildPhase;
			buildActionMask = 2147483647;
			files = (
				96483AE219ECE33600296F60 /* SettingsTableViewController.m in Sources */,
				962A11B319D852BD00469165 /* FavoriteTableViewController.m in Sources */,
				9624A05419D840DE00466A0E /* ViewController.m in Sources */,
				9624A05119D840DE00466A0E /* AppDelegate.m in Sources */,
				96E12E6F19D9A0BA006921EF /* WikiViewController.m in Sources */,
				96483ADF19ECDB7A00296F60 /* LocalNotificationSettings.m in Sources */,
				9624A04E19D840DE00466A0E /* main.m in Sources */,
				962A11B019D852A000469165 /* PhraseTableViewController.m in Sources */,
			);
			runOnlyForDeploymentPostprocessing = 0;
		};
		9624A05D19D840DE00466A0E /* Sources */ = {
			isa = PBXSourcesBuildPhase;
			buildActionMask = 2147483647;
			files = (
				9624A06819D840DE00466A0E /* GreatPhraseTests.m in Sources */,
			);
			runOnlyForDeploymentPostprocessing = 0;
		};
/* End PBXSourcesBuildPhase section */

/* Begin PBXTargetDependency section */
		9624A06319D840DE00466A0E /* PBXTargetDependency */ = {
			isa = PBXTargetDependency;
			target = 9624A04719D840DE00466A0E /* GreatPhrase */;
			targetProxy = 9624A06219D840DE00466A0E /* PBXContainerItemProxy */;
		};
/* End PBXTargetDependency section */

/* Begin PBXVariantGroup section */
		9624A05519D840DE00466A0E /* Main.storyboard */ = {
			isa = PBXVariantGroup;
			children = (
				9624A05619D840DE00466A0E /* Base */,
			);
			name = Main.storyboard;
			sourceTree = "<group>";
		};
		9624A05A19D840DE00466A0E /* LaunchScreen.xib */ = {
			isa = PBXVariantGroup;
			children = (
				9624A05B19D840DE00466A0E /* Base */,
			);
			name = LaunchScreen.xib;
			sourceTree = "<group>";
		};
/* End PBXVariantGroup section */

/* Begin XCBuildConfiguration section */
		9624A06919D840DE00466A0E /* Debug */ = {
			isa = XCBuildConfiguration;
			buildSettings = {
				ALWAYS_SEARCH_USER_PATHS = NO;
				CLANG_CXX_LANGUAGE_STANDARD = "gnu++0x";
				CLANG_CXX_LIBRARY = "libc++";
				CLANG_ENABLE_MODULES = YES;
				CLANG_ENABLE_OBJC_ARC = YES;
				CLANG_WARN_BOOL_CONVERSION = YES;
				CLANG_WARN_CONSTANT_CONVERSION = YES;
				CLANG_WARN_DIRECT_OBJC_ISA_USAGE = YES_ERROR;
				CLANG_WARN_EMPTY_BODY = YES;
				CLANG_WARN_ENUM_CONVERSION = YES;
				CLANG_WARN_INT_CONVERSION = YES;
				CLANG_WARN_OBJC_ROOT_CLASS = YES_ERROR;
				CLANG_WARN_UNREACHABLE_CODE = YES;
				CLANG_WARN__DUPLICATE_METHOD_MATCH = YES;
				"CODE_SIGN_IDENTITY[sdk=iphoneos*]" = "iPhone Developer";
				COPY_PHASE_STRIP = NO;
				ENABLE_STRICT_OBJC_MSGSEND = YES;
				GCC_C_LANGUAGE_STANDARD = gnu99;
				GCC_DYNAMIC_NO_PIC = NO;
				GCC_OPTIMIZATION_LEVEL = 0;
				GCC_PREPROCESSOR_DEFINITIONS = (
					"DEBUG=1",
					"$(inherited)",
				);
				GCC_SYMBOLS_PRIVATE_EXTERN = NO;
				GCC_WARN_64_TO_32_BIT_CONVERSION = YES;
				GCC_WARN_ABOUT_RETURN_TYPE = YES_ERROR;
				GCC_WARN_UNDECLARED_SELECTOR = YES;
				GCC_WARN_UNINITIALIZED_AUTOS = YES_AGGRESSIVE;
				GCC_WARN_UNUSED_FUNCTION = YES;
				GCC_WARN_UNUSED_VARIABLE = YES;
				IPHONEOS_DEPLOYMENT_TARGET = 8.0;
				MTL_ENABLE_DEBUG_INFO = YES;
				ONLY_ACTIVE_ARCH = YES;
				SDKROOT = iphoneos;
			};
			name = Debug;
		};
		9624A06A19D840DE00466A0E /* Release */ = {
			isa = XCBuildConfiguration;
			buildSettings = {
				ALWAYS_SEARCH_USER_PATHS = NO;
				CLANG_CXX_LANGUAGE_STANDARD = "gnu++0x";
				CLANG_CXX_LIBRARY = "libc++";
				CLANG_ENABLE_MODULES = YES;
				CLANG_ENABLE_OBJC_ARC = YES;
				CLANG_WARN_BOOL_CONVERSION = YES;
				CLANG_WARN_CONSTANT_CONVERSION = YES;
				CLANG_WARN_DIRECT_OBJC_ISA_USAGE = YES_ERROR;
				CLANG_WARN_EMPTY_BODY = YES;
				CLANG_WARN_ENUM_CONVERSION = YES;
				CLANG_WARN_INT_CONVERSION = YES;
				CLANG_WARN_OBJC_ROOT_CLASS = YES_ERROR;
				CLANG_WARN_UNREACHABLE_CODE = YES;
				CLANG_WARN__DUPLICATE_METHOD_MATCH = YES;
				"CODE_SIGN_IDENTITY[sdk=iphoneos*]" = "iPhone Developer";
				COPY_PHASE_STRIP = YES;
				ENABLE_NS_ASSERTIONS = NO;
				ENABLE_STRICT_OBJC_MSGSEND = YES;
				GCC_C_LANGUAGE_STANDARD = gnu99;
				GCC_WARN_64_TO_32_BIT_CONVERSION = YES;
				GCC_WARN_ABOUT_RETURN_TYPE = YES_ERROR;
				GCC_WARN_UNDECLARED_SELECTOR = YES;
				GCC_WARN_UNINITIALIZED_AUTOS = YES_AGGRESSIVE;
				GCC_WARN_UNUSED_FUNCTION = YES;
				GCC_WARN_UNUSED_VARIABLE = YES;
				IPHONEOS_DEPLOYMENT_TARGET = 8.0;
				MTL_ENABLE_DEBUG_INFO = NO;
				SDKROOT = iphoneos;
				VALIDATE_PRODUCT = YES;
			};
			name = Release;
		};
		9624A06C19D840DE00466A0E /* Debug */ = {
			isa = XCBuildConfiguration;
			buildSettings = {
				ASSETCATALOG_COMPILER_APPICON_NAME = AppIcon;
				INFOPLIST_FILE = GreatPhrase/Info.plist;
				LD_RUNPATH_SEARCH_PATHS = "$(inherited) @executable_path/Frameworks";
				PRODUCT_NAME = "$(TARGET_NAME)";
			};
			name = Debug;
		};
		9624A06D19D840DE00466A0E /* Release */ = {
			isa = XCBuildConfiguration;
			buildSettings = {
				ASSETCATALOG_COMPILER_APPICON_NAME = AppIcon;
				INFOPLIST_FILE = GreatPhrase/Info.plist;
				LD_RUNPATH_SEARCH_PATHS = "$(inherited) @executable_path/Frameworks";
				PRODUCT_NAME = "$(TARGET_NAME)";
			};
			name = Release;
		};
		9624A06F19D840DE00466A0E /* Debug */ = {
			isa = XCBuildConfiguration;
			buildSettings = {
				BUNDLE_LOADER = "$(TEST_HOST)";
				FRAMEWORK_SEARCH_PATHS = (
					"$(SDKROOT)/Developer/Library/Frameworks",
					"$(inherited)",
				);
				GCC_PREPROCESSOR_DEFINITIONS = (
					"DEBUG=1",
					"$(inherited)",
				);
				INFOPLIST_FILE = GreatPhraseTests/Info.plist;
				LD_RUNPATH_SEARCH_PATHS = "$(inherited) @executable_path/Frameworks @loader_path/Frameworks";
				PRODUCT_NAME = "$(TARGET_NAME)";
				TEST_HOST = "$(BUILT_PRODUCTS_DIR)/GreatPhrase.app/GreatPhrase";
			};
			name = Debug;
		};
		9624A07019D840DE00466A0E /* Release */ = {
			isa = XCBuildConfiguration;
			buildSettings = {
				BUNDLE_LOADER = "$(TEST_HOST)";
				FRAMEWORK_SEARCH_PATHS = (
					"$(SDKROOT)/Developer/Library/Frameworks",
					"$(inherited)",
				);
				INFOPLIST_FILE = GreatPhraseTests/Info.plist;
				LD_RUNPATH_SEARCH_PATHS = "$(inherited) @executable_path/Frameworks @loader_path/Frameworks";
				PRODUCT_NAME = "$(TARGET_NAME)";
				TEST_HOST = "$(BUILT_PRODUCTS_DIR)/GreatPhrase.app/GreatPhrase";
			};
			name = Release;
		};
/* End XCBuildConfiguration section */

/* Begin XCConfigurationList section */
		9624A04319D840DE00466A0E /* Build configuration list for PBXProject "GreatPhrase" */ = {
			isa = XCConfigurationList;
			buildConfigurations = (
				9624A06919D840DE00466A0E /* Debug */,
				9624A06A19D840DE00466A0E /* Release */,
			);
			defaultConfigurationIsVisible = 0;
			defaultConfigurationName = Release;
		};
		9624A06B19D840DE00466A0E /* Build configuration list for PBXNativeTarget "GreatPhrase" */ = {
			isa = XCConfigurationList;
			buildConfigurations = (
				9624A06C19D840DE00466A0E /* Debug */,
				9624A06D19D840DE00466A0E /* Release */,
			);
			defaultConfigurationIsVisible = 0;
			defaultConfigurationName = Release;
		};
		9624A06E19D840DE00466A0E /* Build configuration list for PBXNativeTarget "GreatPhraseTests" */ = {
			isa = XCConfigurationList;
			buildConfigurations = (
				9624A06F19D840DE00466A0E /* Debug */,
				9624A07019D840DE00466A0E /* Release */,
			);
			defaultConfigurationIsVisible = 0;
			defaultConfigurationName = Release;
		};
/* End XCConfigurationList section */
	};
	rootObject = 9624A04019D840DE00466A0E /* Project object */;
}
